
Microsoft Visual Studio Solution File, Format Version 12.00
# Visual Studio Version 17
VisualStudioVersion = 17.0.31903.59
MinimumVisualStudioVersion = 10.0.40219.1
Project("{8BC9CEB8-8B4A-11D0-8D11-00A0C91BC942}") = "SwiftAuth", "SwiftAuth.vcxproj", "{D1A2B3C4-E5F6-7890-ABCD-111111111111}"
EndProject
Project("{8BC9CEB8-8B4A-11D0-8D11-00A0C91BC942}") = "Example", "Example.vcxproj", "{D1A2B3C4-E5F6-7890-ABCD-222222222222}"
EndProject
Global
	GlobalSection(SolutionConfigurationPlatforms) = preSolution
		Debug|x64 = Debug|x64
		Debug|x86 = Debug|x86
		Release|x64 = Release|x64
		Release|x86 = Release|x86
	EndGlobalSection
	GlobalSection(ProjectConfigurationPlatforms) = postSolution
		{D1A2B3C4-E5F6-7890-ABCD-111111111111}.Debug|x64.ActiveCfg = Debug|x64
		{D1A2B3C4-E5F6-7890-ABCD-111111111111}.Debug|x64.Build.0 = Debug|x64
		{D1A2B3C4-E5F6-7890-ABCD-111111111111}.Debug|x86.ActiveCfg = Debug|Win32
		{D1A2B3C4-E5F6-7890-ABCD-111111111111}.Debug|x86.Build.0 = Debug|Win32
		{D1A2B3C4-E5F6-7890-ABCD-111111111111}.Release|x64.ActiveCfg = Release|x64
		{D1A2B3C4-E5F6-7890-ABCD-111111111111}.Release|x64.Build.0 = Release|x64
		{D1A2B3C4-E5F6-7890-ABCD-111111111111}.Release|x86.ActiveCfg = Release|Win32
		{D1A2B3C4-E5F6-7890-ABCD-111111111111}.Release|x86.Build.0 = Release|Win32
		{D1A2B3C4-E5F6-7890-ABCD-222222222222}.Debug|x64.ActiveCfg = Debug|x64
		{D1A2B3C4-E5F6-7890-ABCD-222222222222}.Debug|x64.Build.0 = Debug|x64
		{D1A2B3C4-E5F6-7890-ABCD-222222222222}.Debug|x86.ActiveCfg = Debug|Win32
		{D1A2B3C4-E5F6-7890-ABCD-222222222222}.Debug|x86.Build.0 = Debug|Win32
		{D1A2B3C4-E5F6-7890-ABCD-222222222222}.Release|x64.ActiveCfg = Release|x64
		{D1A2B3C4-E5F6-7890-ABCD-222222222222}.Release|x64.Build.0 = Release|x64
		{D1A2B3C4-E5F6-7890-ABCD-222222222222}.Release|x86.ActiveCfg = Release|Win32
		{D1A2B3C4-E5F6-7890-ABCD-222222222222}.Release|x86.Build.0 = Release|Win32
	EndGlobalSection
EndGlobal
